
Microsoft Visual Studio Solution File, Format Version 12.00
# Visual Studio Version 17
VisualStudioVersion = 17.1.32210.238
MinimumVisualStudioVersion = 10.0.40219.1
Project("{FAE04EC0-301F-11D3-BF4B-00C04F79EFBC}") = "CSharp-LinuxSetupUtility", "CSharp-LinuxSetupUtility\CSharp-LinuxSetupUtility.csproj", "{FF041346-2FF4-4F88-ACEB-902F08CBFEE4}"
EndProject
Global
	GlobalSection(SolutionConfigurationPlatforms) = preSolution
		Debug|Any CPU = Debug|Any CPU
		Release|Any CPU = Release|Any CPU
	EndGlobalSection
	GlobalSection(ProjectConfigurationPlatforms) = postSolution
		{FF041346-2FF4-4F88-ACEB-902F08CBFEE4}.Debug|Any CPU.ActiveCfg = Debug|Any CPU
		{FF041346-2FF4-4F88-ACEB-902F08CBFEE4}.Debug|Any CPU.Build.0 = Debug|Any CPU
		{FF041346-2FF4-4F88-ACEB-902F08CBFEE4}.Release|Any CPU.ActiveCfg = Release|Any CPU
		{FF041346-2FF4-4F88-ACEB-902F08CBFEE4}.Release|Any CPU.Build.0 = Release|Any CPU
	EndGlobalSection
	GlobalSection(SolutionProperties) = preSolution
		HideSolutionNode = FALSE
	EndGlobalSection
	GlobalSection(ExtensibilityGlobals) = postSolution
		SolutionGuid = {78B8BBE2-C11E-4157-85C6-1CC116C26793}
	EndGlobalSection
EndGlobal
